{
    "name": "chrome-base",
    "version": "0.0.4.qualifier",
    "lockfileVersion": 2,
    "requires": true,
    "packages": {
        "": {
            "name": "chrome-base",
            "version": "0.0.4.qualifier",
            "dependencies": {
                "chrome-remote-interface": "^0.31.3",
                "source-map-builder": "^0.0.7",
                "url": "^0.11.0"
            },
            "engines": {
                "HBuilderX": "^3.0"
            }
        },
        "node_modules/chrome-remote-interface": {
            "version": "0.31.3",
            "resolved": "https://registry.npmmirror.com/chrome-remote-interface/-/chrome-remote-interface-0.31.3.tgz",
            "integrity": "sha512-NTwb1YNPHXLTus1RjqsLxJmdViKwKJg/lrFEcM6pbyQy04Ow2QKWHXyPpxzwE+dFsJghWuvSAdTy4W0trluz1g==",
            "dependencies": {
                "commander": "2.11.x",
                "ws": "^7.2.0"
            },
            "bin": {
                "chrome-remote-interface": "bin/client.js"
            }
        },
        "node_modules/commander": {
            "version": "2.11.0",
            "resolved": "https://registry.npmmirror.com/commander/-/commander-2.11.0.tgz",
            "integrity": "sha512-b0553uYA5YAEGgyYIGYROzKQ7X5RAqedkfjiZxwi0kL1g3bOaBNNZfYkzt/CL0umgD5wc9Jec2FbB98CjkMRvQ=="
        },
        "node_modules/punycode": {
            "version": "1.3.2",
            "license": "MIT"
        },
        "node_modules/querystring": {
            "version": "0.2.0",
            "engines": {
                "node": ">=0.4.x"
            }
        },
        "node_modules/source-map-builder": {
            "version": "0.0.7",
            "license": "MIT"
        },
        "node_modules/url": {
            "version": "0.11.0",
            "license": "MIT",
            "dependencies": {
                "punycode": "1.3.2",
                "querystring": "0.2.0"
            }
        },
        "node_modules/ws": {
            "version": "7.5.9",
            "resolved": "https://registry.npmmirror.com/ws/-/ws-7.5.9.tgz",
            "integrity": "sha512-F+P9Jil7UiSKSkppIiD94dN07AwvFixvLIj1Og1Rl9GGMuNipJnV9JzjD6XuqmAeiswGvUmNLjr5cFuXwNS77Q==",
            "engines": {
                "node": ">=8.3.0"
            },
            "peerDependencies": {
                "bufferutil": "^4.0.1",
                "utf-8-validate": "^5.0.2"
            },
            "peerDependenciesMeta": {
                "bufferutil": {
                    "optional": true
                },
                "utf-8-validate": {
                    "optional": true
                }
            }
        }
    },
    "dependencies": {
        "chrome-remote-interface": {
            "version": "0.31.3",
            "resolved": "https://registry.npmmirror.com/chrome-remote-interface/-/chrome-remote-interface-0.31.3.tgz",
            "integrity": "sha512-NTwb1YNPHXLTus1RjqsLxJmdViKwKJg/lrFEcM6pbyQy04Ow2QKWHXyPpxzwE+dFsJghWuvSAdTy4W0trluz1g==",
            "requires": {
                "commander": "2.11.x",
                "ws": "^7.2.0"
            }
        },
        "commander": {
            "version": "2.11.0",
            "resolved": "https://registry.npmmirror.com/commander/-/commander-2.11.0.tgz",
            "integrity": "sha512-b0553uYA5YAEGgyYIGYROzKQ7X5RAqedkfjiZxwi0kL1g3bOaBNNZfYkzt/CL0umgD5wc9Jec2FbB98CjkMRvQ=="
        },
        "punycode": {
            "version": "1.3.2"
        },
        "querystring": {
            "version": "0.2.0"
        },
        "source-map-builder": {
            "version": "0.0.7"
        },
        "url": {
            "version": "0.11.0",
            "requires": {
                "punycode": "1.3.2",
                "querystring": "0.2.0"
            }
        },
        "ws": {
            "version": "7.5.9",
            "resolved": "https://registry.npmmirror.com/ws/-/ws-7.5.9.tgz",
            "integrity": "sha512-F+P9Jil7UiSKSkppIiD94dN07AwvFixvLIj1Og1Rl9GGMuNipJnV9JzjD6XuqmAeiswGvUmNLjr5cFuXwNS77Q==",
            "requires": {}
        }
    }
}
