{
	"name": "uniapp-basic",
	"version": "0.0.20.qualifier",
	"lockfileVersion": 2,
	"requires": true,
	"packages": {
		"": {
			"name": "uniapp-basic",
			"version": "0.0.20.qualifier",
			"dependencies": {
				"adm-zip": "^0.5.9",
				"fast-xml-parser": "^4.3.2",
				"iconv-lite": "^0.6.3",
				"image-size": "^1.1.1"
			},
			"engines": {
				"HBuilderX": "^3.4.5"
			}
		},
		"node_modules/adm-zip": {
			"version": "0.5.9",
			"resolved": "https://registry.npmmirror.com/adm-zip/-/adm-zip-0.5.9.tgz",
			"integrity": "sha512-s+3fXLkeeLjZ2kLjCBwQufpI5fuN+kIGBxu6530nVQZGVol0d7Y/M88/xw9HGGUcJjKf8LutN3VPRUBq6N7Ajg==",
			"engines": {
				"node": ">=6.0"
			}
		},
		"node_modules/fast-xml-parser": {
			"version": "4.3.2",
			"resolved": "https://registry.npmmirror.com/fast-xml-parser/-/fast-xml-parser-4.3.2.tgz",
			"integrity": "sha512-rmrXUXwbJedoXkStenj1kkljNF7ugn5ZjR9FJcwmCfcCbtOMDghPajbc+Tck6vE6F5XsDmx+Pr2le9fw8+pXBg==",
			"dependencies": {
				"strnum": "^1.0.5"
			},
			"bin": {
				"fxparser": "src/cli/cli.js"
			}
		},
		"node_modules/iconv-lite": {
			"version": "0.6.3",
			"resolved": "https://registry.npmmirror.com/iconv-lite/-/iconv-lite-0.6.3.tgz",
			"integrity": "sha512-4fCk79wshMdzMp2rH06qWrJE4iolqLhCUH+OiuIgU++RB0+94NlDL81atO7GX55uUKueo0txHNtvEyI6D7WdMw==",
			"dependencies": {
				"safer-buffer": ">= 2.1.2 < 3.0.0"
			},
			"engines": {
				"node": ">=0.10.0"
			}
		},
		"node_modules/image-size": {
			"version": "1.1.1",
			"resolved": "https://registry.npmjs.org/image-size/-/image-size-1.1.1.tgz",
			"integrity": "sha512-541xKlUw6jr/6gGuk92F+mYM5zaFAc5ahphvkqvNe2bQ6gVBkd6bfrmVJ2t4KDAfikAYZyIqTnktX3i6/aQDrQ==",
			"dependencies": {
				"queue": "6.0.2"
			},
			"bin": {
				"image-size": "bin/image-size.js"
			},
			"engines": {
				"node": ">=16.x"
			}
		},
		"node_modules/inherits": {
			"version": "2.0.4",
			"resolved": "https://registry.npmjs.org/inherits/-/inherits-2.0.4.tgz",
			"integrity": "sha512-k/vGaX4/Yla3WzyMCvTQOXYeIHvqOKtnqBduzTHpzpQZzAskKMhZ2K+EnBiSM9zGSoIFeMpXKxa4dYeZIQqewQ=="
		},
		"node_modules/queue": {
			"version": "6.0.2",
			"resolved": "https://registry.npmjs.org/queue/-/queue-6.0.2.tgz",
			"integrity": "sha512-iHZWu+q3IdFZFX36ro/lKBkSvfkztY5Y7HMiPlOUjhupPcG2JMfst2KKEpu5XndviX/3UhFbRngUPNKtgvtZiA==",
			"dependencies": {
				"inherits": "~2.0.3"
			}
		},
		"node_modules/safer-buffer": {
			"version": "2.1.2",
			"resolved": "https://registry.npmmirror.com/safer-buffer/-/safer-buffer-2.1.2.tgz",
			"integrity": "sha512-YZo3K82SD7Riyi0E1EQPojLz7kpepnSQI9IyPbHHg1XXXevb5dJI7tpyN2ADxGcQbHG7vcyRHk0cbwqcQriUtg=="
		},
		"node_modules/strnum": {
			"version": "1.0.5",
			"resolved": "https://registry.npmmirror.com/strnum/-/strnum-1.0.5.tgz",
			"integrity": "sha512-J8bbNyKKXl5qYcR36TIO8W3mVGVHrmmxsd5PAItGkmyzwJvybiw2IVq5nqd0i4LSNSkB/sx9VHllbfFdr9k1JA=="
		}
	},
	"dependencies": {
		"adm-zip": {
			"version": "0.5.9",
			"resolved": "https://registry.npmmirror.com/adm-zip/-/adm-zip-0.5.9.tgz",
			"integrity": "sha512-s+3fXLkeeLjZ2kLjCBwQufpI5fuN+kIGBxu6530nVQZGVol0d7Y/M88/xw9HGGUcJjKf8LutN3VPRUBq6N7Ajg=="
		},
		"fast-xml-parser": {
			"version": "4.3.2",
			"resolved": "https://registry.npmmirror.com/fast-xml-parser/-/fast-xml-parser-4.3.2.tgz",
			"integrity": "sha512-rmrXUXwbJedoXkStenj1kkljNF7ugn5ZjR9FJcwmCfcCbtOMDghPajbc+Tck6vE6F5XsDmx+Pr2le9fw8+pXBg==",
			"requires": {
				"strnum": "^1.0.5"
			}
		},
		"iconv-lite": {
			"version": "0.6.3",
			"resolved": "https://registry.npmmirror.com/iconv-lite/-/iconv-lite-0.6.3.tgz",
			"integrity": "sha512-4fCk79wshMdzMp2rH06qWrJE4iolqLhCUH+OiuIgU++RB0+94NlDL81atO7GX55uUKueo0txHNtvEyI6D7WdMw==",
			"requires": {
				"safer-buffer": ">= 2.1.2 < 3.0.0"
			}
		},
		"image-size": {
			"version": "1.1.1",
			"resolved": "https://registry.npmjs.org/image-size/-/image-size-1.1.1.tgz",
			"integrity": "sha512-541xKlUw6jr/6gGuk92F+mYM5zaFAc5ahphvkqvNe2bQ6gVBkd6bfrmVJ2t4KDAfikAYZyIqTnktX3i6/aQDrQ==",
			"requires": {
				"queue": "6.0.2"
			}
		},
		"inherits": {
			"version": "2.0.4",
			"resolved": "https://registry.npmjs.org/inherits/-/inherits-2.0.4.tgz",
			"integrity": "sha512-k/vGaX4/Yla3WzyMCvTQOXYeIHvqOKtnqBduzTHpzpQZzAskKMhZ2K+EnBiSM9zGSoIFeMpXKxa4dYeZIQqewQ=="
		},
		"queue": {
			"version": "6.0.2",
			"resolved": "https://registry.npmjs.org/queue/-/queue-6.0.2.tgz",
			"integrity": "sha512-iHZWu+q3IdFZFX36ro/lKBkSvfkztY5Y7HMiPlOUjhupPcG2JMfst2KKEpu5XndviX/3UhFbRngUPNKtgvtZiA==",
			"requires": {
				"inherits": "~2.0.3"
			}
		},
		"safer-buffer": {
			"version": "2.1.2",
			"resolved": "https://registry.npmmirror.com/safer-buffer/-/safer-buffer-2.1.2.tgz",
			"integrity": "sha512-YZo3K82SD7Riyi0E1EQPojLz7kpepnSQI9IyPbHHg1XXXevb5dJI7tpyN2ADxGcQbHG7vcyRHk0cbwqcQriUtg=="
		},
		"strnum": {
			"version": "1.0.5",
			"resolved": "https://registry.npmmirror.com/strnum/-/strnum-1.0.5.tgz",
			"integrity": "sha512-J8bbNyKKXl5qYcR36TIO8W3mVGVHrmmxsd5PAItGkmyzwJvybiw2IVq5nqd0i4LSNSkB/sx9VHllbfFdr9k1JA=="
		}
	}
}
